// !$*UTF8*$!
{
	archiveVersion = 1;
	classes = {
	};
	objectVersion = 46;
	objects = {

/* Begin PBXBuildFile section */
		C8B9F7941EF3477C00AC275A /* AppDelegate.swift in Sources */ = {isa = PBXBuildFile; fileRef = C8B9F7931EF3477C00AC275A /* AppDelegate.swift */; };
		C8B9F7961EF3477C00AC275A /* ViewController.swift in Sources */ = {isa = PBXBuildFile; fileRef = C8B9F7951EF3477C00AC275A /* ViewController.swift */; };
		C8B9F7991EF3477C00AC275A /* Main.storyboard in Resources */ = {isa = PBXBuildFile; fileRef = C8B9F7971EF3477C00AC275A /* Main.storyboard */; };
		C8B9F79B1EF3477C00AC275A /* Assets.xcassets in Resources */ = {isa = PBXBuildFile; fileRef = C8B9F79A1EF3477C00AC275A /* Assets.xcassets */; };
		C8B9F79E1EF3477C00AC275A /* LaunchScreen.storyboard in Resources */ = {isa = PBXBuildFile; fileRef = C8B9F79C1EF3477C00AC275A /* LaunchScreen.storyboard */; };
		C8B9F7A71EFEBC4B00AC275A /* CalculatorBrain.swift in Sources */ = {isa = PBXBuildFile; fileRef = C8B9F7A61EFEBC4B00AC275A /* CalculatorBrain.swift */; };
/* End PBXBuildFile section */

/* Begin PBXFileReference section */
		C8B9F7901EF3477C00AC275A /* Calculator2.app */ = {isa = PBXFileReference; explicitFileType = wrapper.application; includeInIndex = 0; path = Calculator2.app; sourceTree = BUILT_PRODUCTS_DIR; };
		C8B9F7931EF3477C00AC275A /* AppDelegate.swift */ = {isa = PBXFileReference; lastKnownFileType = sourcecode.swift; path = AppDelegate.swift; sourceTree = "<group>"; };
		C8B9F7951EF3477C00AC275A /* ViewController.swift */ = {isa = PBXFileReference; lastKnownFileType = sourcecode.swift; path = ViewController.swift; sourceTree = "<group>"; };
		C8B9F7981EF3477C00AC275A /* Base */ = {isa = PBXFileReference; lastKnownFileType = file.storyboard; name = Base; path = Base.lproj/Main.storyboard; sourceTree = "<group>"; };
		C8B9F79A1EF3477C00AC275A /* Assets.xcassets */ = {isa = PBXFileReference; lastKnownFileType = folder.assetcatalog; path = Assets.xcassets; sourceTree = "<group>"; };
		C8B9F79D1EF3477C00AC275A /* Base */ = {isa = PBXFileReference; lastKnownFileType = file.storyboard; name = Base; path = Base.lproj/LaunchScreen.storyboard; sourceTree = "<group>"; };
		C8B9F79F1EF3477C00AC275A /* Info.plist */ = {isa = PBXFileReference; lastKnownFileType = text.plist.xml; path = Info.plist; sourceTree = "<group>"; };
		C8B9F7A61EFEBC4B00AC275A /* CalculatorBrain.swift */ = {isa = PBXFileReference; fileEncoding = 4; lastKnownFileType = sourcecode.swift; path = CalculatorBrain.swift; sourceTree = "<group>"; };
/* End PBXFileReference section */

/* Begin PBXFrameworksBuildPhase section */
		C8B9F78D1EF3477C00AC275A /* Frameworks */ = {
			isa = PBXFrameworksBuildPhase;
			buildActionMask = 2147483647;
			files = (
			);
			runOnlyForDeploymentPostprocessing = 0;
		};
/* End PBXFrameworksBuildPhase section */

/* Begin PBXGroup section */
		C8B9F7871EF3477C00AC275A = {
			isa = PBXGroup;
			children = (
				C8B9F7921EF3477C00AC275A /* Calculator */,
				C8B9F7911EF3477C00AC275A /* Products */,
			);
			sourceTree = "<group>";
		};
		C8B9F7911EF3477C00AC275A /* Products */ = {
			isa = PBXGroup;
			children = (
				C8B9F7901EF3477C00AC275A /* Calculator2.app */,
			);
			name = Products;
			sourceTree = "<group>";
		};
		C8B9F7921EF3477C00AC275A /* Calculator */ = {
			isa = PBXGroup;
			children = (
				C8B9F7A51EF3490800AC275A /* Supporting Files */,
				C8B9F7951EF3477C00AC275A /* ViewController.swift */,
				C8B9F7971EF3477C00AC275A /* Main.storyboard */,
				C8B9F7A61EFEBC4B00AC275A /* CalculatorBrain.swift */,
			);
			path = Calculator;
			sourceTree = "<group>";
		};
		C8B9F7A51EF3490800AC275A /* Supporting Files */ = {
			isa = PBXGroup;
			children = (
				C8B9F7931EF3477C00AC275A /* AppDelegate.swift */,
				C8B9F79A1EF3477C00AC275A /* Assets.xcassets */,
				C8B9F79C1EF3477C00AC275A /* LaunchScreen.storyboard */,
				C8B9F79F1EF3477C00AC275A /* Info.plist */,
			);
			name = "Supporting Files";
			sourceTree = "<group>";
		};
/* End PBXGroup section */

/* Begin PBXNativeTarget section */
		C8B9F78F1EF3477C00AC275A /* Calculator2 */ = {
			isa = PBXNativeTarget;
			buildConfigurationList = C8B9F7A21EF3477C00AC275A /* Build configuration list for PBXNativeTarget "Calculator2" */;
			buildPhases = (
				C8B9F78C1EF3477C00AC275A /* Sources */,
				C8B9F78D1EF3477C00AC275A /* Frameworks */,
				C8B9F78E1EF3477C00AC275A /* Resources */,
			);
			buildRules = (
			);
			dependencies = (
			);
			name = Calculator2;
			productName = Calculator;
			productReference = C8B9F7901EF3477C00AC275A /* Calculator2.app */;
			productType = "com.apple.product-type.application";
		};
/* End PBXNativeTarget section */

/* Begin PBXProject section */
		C8B9F7881EF3477C00AC275A /* Project object */ = {
			isa = PBXProject;
			attributes = {
				LastSwiftUpdateCheck = 0820;
				LastUpgradeCheck = 0820;
				ORGANIZATIONNAME = "Sach Vaidya";
				TargetAttributes = {
					C8B9F78F1EF3477C00AC275A = {
						CreatedOnToolsVersion = 8.2.1;
						DevelopmentTeam = 73AKEVX7TL;
						ProvisioningStyle = Automatic;
					};
				};
			};
			buildConfigurationList = C8B9F78B1EF3477C00AC275A /* Build configuration list for PBXProject "Calculator2" */;
			compatibilityVersion = "Xcode 3.2";
			developmentRegion = English;
			hasScannedForEncodings = 0;
			knownRegions = (
				en,
				Base,
			);
			mainGroup = C8B9F7871EF3477C00AC275A;
			productRefGroup = C8B9F7911EF3477C00AC275A /* Products */;
			projectDirPath = "";
			projectRoot = "";
			targets = (
				C8B9F78F1EF3477C00AC275A /* Calculator2 */,
			);
		};
/* End PBXProject section */

/* Begin PBXResourcesBuildPhase section */
		C8B9F78E1EF3477C00AC275A /* Resources */ = {
			isa = PBXResourcesBuildPhase;
			buildActionMask = 2147483647;
			files = (
				C8B9F79E1EF3477C00AC275A /* LaunchScreen.storyboard in Resources */,
				C8B9F79B1EF3477C00AC275A /* Assets.xcassets in Resources */,
				C8B9F7991EF3477C00AC275A /* Main.storyboard in Resources */,
			);
			runOnlyForDeploymentPostprocessing = 0;
		};
/* End PBXResourcesBuildPhase section */

/* Begin PBXSourcesBuildPhase section */
		C8B9F78C1EF3477C00AC275A /* Sources */ = {
			isa = PBXSourcesBuildPhase;
			buildActionMask = 2147483647;
			files = (
				C8B9F7A71EFEBC4B00AC275A /* CalculatorBrain.swift in Sources */,
				C8B9F7961EF3477C00AC275A /* ViewController.swift in Sources */,
				C8B9F7941EF3477C00AC275A /* AppDelegate.swift in Sources */,
			);
			runOnlyForDeploymentPostprocessing = 0;
		};
/* End PBXSourcesBuildPhase section */

/* Begin PBXVariantGroup section */
		C8B9F7971EF3477C00AC275A /* Main.storyboard */ = {
			isa = PBXVariantGroup;
			children = (
				C8B9F7981EF3477C00AC275A /* Base */,
			);
			name = Main.storyboard;
			sourceTree = "<group>";
		};
		C8B9F79C1EF3477C00AC275A /* LaunchScreen.storyboard */ = {
			isa = PBXVariantGroup;
			children = (
				C8B9F79D1EF3477C00AC275A /* Base */,
			);
			name = LaunchScreen.storyboard;
			sourceTree = "<group>";
		};
/* End PBXVariantGroup section */

/* Begin XCBuildConfiguration section */
		C8B9F7A01EF3477C00AC275A /* Debug */ = {
			isa = XCBuildConfiguration;
			buildSettings = {
				ALWAYS_SEARCH_USER_PATHS = NO;
				CLANG_ANALYZER_NONNULL = YES;
				CLANG_CXX_LANGUAGE_STANDARD = "gnu++0x";
				CLANG_CXX_LIBRARY = "libc++";
				CLANG_ENABLE_MODULES = YES;
				CLANG_ENABLE_OBJC_ARC = YES;
				CLANG_WARN_BOOL_CONVERSION = YES;
				CLANG_WARN_CONSTANT_CONVERSION = YES;
				CLANG_WARN_DIRECT_OBJC_ISA_USAGE = YES_ERROR;
				CLANG_WARN_DOCUMENTATION_COMMENTS = YES;
				CLANG_WARN_EMPTY_BODY = YES;
				CLANG_WARN_ENUM_CONVERSION = YES;
				CLANG_WARN_INFINITE_RECURSION = YES;
				CLANG_WARN_INT_CONVERSION = YES;
				CLANG_WARN_OBJC_ROOT_CLASS = YES_ERROR;
				CLANG_WARN_SUSPICIOUS_MOVE = YES;
				CLANG_WARN_UNREACHABLE_CODE = YES;
				CLANG_WARN__DUPLICATE_METHOD_MATCH = YES;
				"CODE_SIGN_IDENTITY[sdk=iphoneos*]" = "iPhone Developer";
				COPY_PHASE_STRIP = NO;
				DEBUG_INFORMATION_FORMAT = dwarf;
				ENABLE_STRICT_OBJC_MSGSEND = YES;
				ENABLE_TESTABILITY = YES;
				GCC_C_LANGUAGE_STANDARD = gnu99;
				GCC_DYNAMIC_NO_PIC = NO;
				GCC_NO_COMMON_BLOCKS = YES;
				GCC_OPTIMIZATION_LEVEL = 0;
				GCC_PREPROCESSOR_DEFINITIONS = (
					"DEBUG=1",
					"$(inherited)",
				);
				GCC_WARN_64_TO_32_BIT_CONVERSION = YES;
				GCC_WARN_ABOUT_RETURN_TYPE = YES_ERROR;
				GCC_WARN_UNDECLARED_SELECTOR = YES;
				GCC_WARN_UNINITIALIZED_AUTOS = YES_AGGRESSIVE;
				GCC_WARN_UNUSED_FUNCTION = YES;
				GCC_WARN_UNUSED_VARIABLE = YES;
				IPHONEOS_DEPLOYMENT_TARGET = 10.2;
				MTL_ENABLE_DEBUG_INFO = YES;
				ONLY_ACTIVE_ARCH = YES;
				SDKROOT = iphoneos;
				SWIFT_ACTIVE_COMPILATION_CONDITIONS = DEBUG;
				SWIFT_OPTIMIZATION_LEVEL = "-Onone";
				TARGETED_DEVICE_FAMILY = "1,2";
			};
			name = Debug;
		};
		C8B9F7A11EF3477C00AC275A /* Release */ = {
			isa = XCBuildConfiguration;
			buildSettings = {
				ALWAYS_SEARCH_USER_PATHS = NO;
				CLANG_ANALYZER_NONNULL = YES;
				CLANG_CXX_LANGUAGE_STANDARD = "gnu++0x";
				CLANG_CXX_LIBRARY = "libc++";
				CLANG_ENABLE_MODULES = YES;
				CLANG_ENABLE_OBJC_ARC = YES;
				CLANG_WARN_BOOL_CONVERSION = YES;
				CLANG_WARN_CONSTANT_CONVERSION = YES;
				CLANG_WARN_DIRECT_OBJC_ISA_USAGE = YES_ERROR;
				CLANG_WARN_DOCUMENTATION_COMMENTS = YES;
				CLANG_WARN_EMPTY_BODY = YES;
				CLANG_WARN_ENUM_CONVERSION = YES;
				CLANG_WARN_INFINITE_RECURSION = YES;
				CLANG_WARN_INT_CONVERSION = YES;
				CLANG_WARN_OBJC_ROOT_CLASS = YES_ERROR;
				CLANG_WARN_SUSPICIOUS_MOVE = YES;
				CLANG_WARN_UNREACHABLE_CODE = YES;
				CLANG_WARN__DUPLICATE_METHOD_MATCH = YES;
				"CODE_SIGN_IDENTITY[sdk=iphoneos*]" = "iPhone Developer";
				COPY_PHASE_STRIP = NO;
				DEBUG_INFORMATION_FORMAT = "dwarf-with-dsym";
				ENABLE_NS_ASSERTIONS = NO;
				ENABLE_STRICT_OBJC_MSGSEND = YES;
				GCC_C_LANGUAGE_STANDARD = gnu99;
				GCC_NO_COMMON_BLOCKS = YES;
				GCC_WARN_64_TO_32_BIT_CONVERSION = YES;
				GCC_WARN_ABOUT_RETURN_TYPE = YES_ERROR;
				GCC_WARN_UNDECLARED_SELECTOR = YES;
				GCC_WARN_UNINITIALIZED_AUTOS = YES_AGGRESSIVE;
				GCC_WARN_UNUSED_FUNCTION = YES;
				GCC_WARN_UNUSED_VARIABLE = YES;
				IPHONEOS_DEPLOYMENT_TARGET = 10.2;
				MTL_ENABLE_DEBUG_INFO = NO;
				SDKROOT = iphoneos;
				SWIFT_OPTIMIZATION_LEVEL = "-Owholemodule";
				TARGETED_DEVICE_FAMILY = "1,2";
				VALIDATE_PRODUCT = YES;
			};
			name = Release;
		};
		C8B9F7A31EF3477C00AC275A /* Debug */ = {
			isa = XCBuildConfiguration;
			buildSettings = {
				ASSETCATALOG_COMPILER_APPICON_NAME = AppIcon;
				DEVELOPMENT_TEAM = 73AKEVX7TL;
				INFOPLIST_FILE = Calculator/Info.plist;
				LD_RUNPATH_SEARCH_PATHS = "$(inherited) @executable_path/Frameworks";
				PRODUCT_BUNDLE_IDENTIFIER = com.SachVaidya.Calculator;
				PRODUCT_NAME = "$(TARGET_NAME)";
				SWIFT_VERSION = 3.0;
			};
			name = Debug;
		};
		C8B9F7A41EF3477C00AC275A /* Release */ = {
			isa = XCBuildConfiguration;
			buildSettings = {
				ASSETCATALOG_COMPILER_APPICON_NAME = AppIcon;
				DEVELOPMENT_TEAM = 73AKEVX7TL;
				INFOPLIST_FILE = Calculator/Info.plist;
				LD_RUNPATH_SEARCH_PATHS = "$(inherited) @executable_path/Frameworks";
				PRODUCT_BUNDLE_IDENTIFIER = com.SachVaidya.Calculator;
				PRODUCT_NAME = "$(TARGET_NAME)";
				SWIFT_VERSION = 3.0;
			};
			name = Release;
		};
/* End XCBuildConfiguration section */

/* Begin XCConfigurationList section */
		C8B9F78B1EF3477C00AC275A /* Build configuration list for PBXProject "Calculator2" */ = {
			isa = XCConfigurationList;
			buildConfigurations = (
				C8B9F7A01EF3477C00AC275A /* Debug */,
				C8B9F7A11EF3477C00AC275A /* Release */,
			);
			defaultConfigurationIsVisible = 0;
			defaultConfigurationName = Release;
		};
		C8B9F7A21EF3477C00AC275A /* Build configuration list for PBXNativeTarget "Calculator2" */ = {
			isa = XCConfigurationList;
			buildConfigurations = (
				C8B9F7A31EF3477C00AC275A /* Debug */,
				C8B9F7A41EF3477C00AC275A /* Release */,
			);
			defaultConfigurationIsVisible = 0;
			defaultConfigurationName = Release;
		};
/* End XCConfigurationList section */
	};
	rootObject = C8B9F7881EF3477C00AC275A /* Project object */;
}
