// !$*UTF8*$!
{
	archiveVersion = 1;
	classes = {
	};
	objectVersion = 46;
	objects = {

/* Begin PBXBuildFile section */
		C8365A1E1F508D0C00C67B00 /* AppDelegate.swift in Sources */ = {isa = PBXBuildFile; fileRef = C8365A1D1F508D0C00C67B00 /* AppDelegate.swift */; };
		C8365A201F508D0C00C67B00 /* ViewController.swift in Sources */ = {isa = PBXBuildFile; fileRef = C8365A1F1F508D0C00C67B00 /* ViewController.swift */; };
		C8365A231F508D0C00C67B00 /* Main.storyboard in Resources */ = {isa = PBXBuildFile; fileRef = C8365A211F508D0C00C67B00 /* Main.storyboard */; };
		C8365A261F508D0C00C67B00 /* Foo.xcdatamodeld in Sources */ = {isa = PBXBuildFile; fileRef = C8365A241F508D0C00C67B00 /* Foo.xcdatamodeld */; };
		C8365A281F508D0C00C67B00 /* Assets.xcassets in Resources */ = {isa = PBXBuildFile; fileRef = C8365A271F508D0C00C67B00 /* Assets.xcassets */; };
		C8365A2B1F508D0C00C67B00 /* LaunchScreen.storyboard in Resources */ = {isa = PBXBuildFile; fileRef = C8365A291F508D0C00C67B00 /* LaunchScreen.storyboard */; };
/* End PBXBuildFile section */

/* Begin PBXFileReference section */
		C8365A1A1F508D0C00C67B00 /* Foo.app */ = {isa = PBXFileReference; explicitFileType = wrapper.application; includeInIndex = 0; path = Foo.app; sourceTree = BUILT_PRODUCTS_DIR; };
		C8365A1D1F508D0C00C67B00 /* AppDelegate.swift */ = {isa = PBXFileReference; lastKnownFileType = sourcecode.swift; path = AppDelegate.swift; sourceTree = "<group>"; };
		C8365A1F1F508D0C00C67B00 /* ViewController.swift */ = {isa = PBXFileReference; lastKnownFileType = sourcecode.swift; path = ViewController.swift; sourceTree = "<group>"; };
		C8365A221F508D0C00C67B00 /* Base */ = {isa = PBXFileReference; lastKnownFileType = file.storyboard; name = Base; path = Base.lproj/Main.storyboard; sourceTree = "<group>"; };
		C8365A251F508D0C00C67B00 /* Foo.xcdatamodel */ = {isa = PBXFileReference; lastKnownFileType = wrapper.xcdatamodel; path = Foo.xcdatamodel; sourceTree = "<group>"; };
		C8365A271F508D0C00C67B00 /* Assets.xcassets */ = {isa = PBXFileReference; lastKnownFileType = folder.assetcatalog; path = Assets.xcassets; sourceTree = "<group>"; };
		C8365A2A1F508D0C00C67B00 /* Base */ = {isa = PBXFileReference; lastKnownFileType = file.storyboard; name = Base; path = Base.lproj/LaunchScreen.storyboard; sourceTree = "<group>"; };
		C8365A2C1F508D0C00C67B00 /* Info.plist */ = {isa = PBXFileReference; lastKnownFileType = text.plist.xml; path = Info.plist; sourceTree = "<group>"; };
/* End PBXFileReference section */

/* Begin PBXFrameworksBuildPhase section */
		C8365A171F508D0C00C67B00 /* Frameworks */ = {
			isa = PBXFrameworksBuildPhase;
			buildActionMask = 2147483647;
			files = (
			);
			runOnlyForDeploymentPostprocessing = 0;
		};
/* End PBXFrameworksBuildPhase section */

/* Begin PBXGroup section */
		C8365A111F508D0C00C67B00 = {
			isa = PBXGroup;
			children = (
				C8365A1C1F508D0C00C67B00 /* Foo */,
				C8365A1B1F508D0C00C67B00 /* Products */,
			);
			sourceTree = "<group>";
		};
		C8365A1B1F508D0C00C67B00 /* Products */ = {
			isa = PBXGroup;
			children = (
				C8365A1A1F508D0C00C67B00 /* Foo.app */,
			);
			name = Products;
			sourceTree = "<group>";
		};
		C8365A1C1F508D0C00C67B00 /* Foo */ = {
			isa = PBXGroup;
			children = (
				C8365A1D1F508D0C00C67B00 /* AppDelegate.swift */,
				C8365A1F1F508D0C00C67B00 /* ViewController.swift */,
				C8365A211F508D0C00C67B00 /* Main.storyboard */,
				C8365A271F508D0C00C67B00 /* Assets.xcassets */,
				C8365A291F508D0C00C67B00 /* LaunchScreen.storyboard */,
				C8365A2C1F508D0C00C67B00 /* Info.plist */,
				C8365A241F508D0C00C67B00 /* Foo.xcdatamodeld */,
			);
			path = Foo;
			sourceTree = "<group>";
		};
/* End PBXGroup section */

/* Begin PBXNativeTarget section */
		C8365A191F508D0C00C67B00 /* Foo */ = {
			isa = PBXNativeTarget;
			buildConfigurationList = C8365A2F1F508D0C00C67B00 /* Build configuration list for PBXNativeTarget "Foo" */;
			buildPhases = (
				C8365A161F508D0C00C67B00 /* Sources */,
				C8365A171F508D0C00C67B00 /* Frameworks */,
				C8365A181F508D0C00C67B00 /* Resources */,
			);
			buildRules = (
			);
			dependencies = (
			);
			name = Foo;
			productName = Foo;
			productReference = C8365A1A1F508D0C00C67B00 /* Foo.app */;
			productType = "com.apple.product-type.application";
		};
/* End PBXNativeTarget section */

/* Begin PBXProject section */
		C8365A121F508D0C00C67B00 /* Project object */ = {
			isa = PBXProject;
			attributes = {
				LastSwiftUpdateCheck = 0820;
				LastUpgradeCheck = 0820;
				ORGANIZATIONNAME = "Sach Vaidya";
				TargetAttributes = {
					C8365A191F508D0C00C67B00 = {
						CreatedOnToolsVersion = 8.2.1;
						DevelopmentTeam = 73AKEVX7TL;
						ProvisioningStyle = Automatic;
					};
				};
			};
			buildConfigurationList = C8365A151F508D0C00C67B00 /* Build configuration list for PBXProject "Foo" */;
			compatibilityVersion = "Xcode 3.2";
			developmentRegion = English;
			hasScannedForEncodings = 0;
			knownRegions = (
				en,
				Base,
			);
			mainGroup = C8365A111F508D0C00C67B00;
			productRefGroup = C8365A1B1F508D0C00C67B00 /* Products */;
			projectDirPath = "";
			projectRoot = "";
			targets = (
				C8365A191F508D0C00C67B00 /* Foo */,
			);
		};
/* End PBXProject section */

/* Begin PBXResourcesBuildPhase section */
		C8365A181F508D0C00C67B00 /* Resources */ = {
			isa = PBXResourcesBuildPhase;
			buildActionMask = 2147483647;
			files = (
				C8365A2B1F508D0C00C67B00 /* LaunchScreen.storyboard in Resources */,
				C8365A281F508D0C00C67B00 /* Assets.xcassets in Resources */,
				C8365A231F508D0C00C67B00 /* Main.storyboard in Resources */,
			);
			runOnlyForDeploymentPostprocessing = 0;
		};
/* End PBXResourcesBuildPhase section */

/* Begin PBXSourcesBuildPhase section */
		C8365A161F508D0C00C67B00 /* Sources */ = {
			isa = PBXSourcesBuildPhase;
			buildActionMask = 2147483647;
			files = (
				C8365A261F508D0C00C67B00 /* Foo.xcdatamodeld in Sources */,
				C8365A201F508D0C00C67B00 /* ViewController.swift in Sources */,
				C8365A1E1F508D0C00C67B00 /* AppDelegate.swift in Sources */,
			);
			runOnlyForDeploymentPostprocessing = 0;
		};
/* End PBXSourcesBuildPhase section */

/* Begin PBXVariantGroup section */
		C8365A211F508D0C00C67B00 /* Main.storyboard */ = {
			isa = PBXVariantGroup;
			children = (
				C8365A221F508D0C00C67B00 /* Base */,
			);
			name = Main.storyboard;
			sourceTree = "<group>";
		};
		C8365A291F508D0C00C67B00 /* LaunchScreen.storyboard */ = {
			isa = PBXVariantGroup;
			children = (
				C8365A2A1F508D0C00C67B00 /* Base */,
			);
			name = LaunchScreen.storyboard;
			sourceTree = "<group>";
		};
/* End PBXVariantGroup section */

/* Begin XCBuildConfiguration section */
		C8365A2D1F508D0C00C67B00 /* Debug */ = {
			isa = XCBuildConfiguration;
			buildSettings = {
				ALWAYS_SEARCH_USER_PATHS = NO;
				CLANG_ANALYZER_NONNULL = YES;
				CLANG_CXX_LANGUAGE_STANDARD = "gnu++0x";
				CLANG_CXX_LIBRARY = "libc++";
				CLANG_ENABLE_MODULES = YES;
				CLANG_ENABLE_OBJC_ARC = YES;
				CLANG_WARN_BOOL_CONVERSION = YES;
				CLANG_WARN_CONSTANT_CONVERSION = YES;
				CLANG_WARN_DIRECT_OBJC_ISA_USAGE = YES_ERROR;
				CLANG_WARN_DOCUMENTATION_COMMENTS = YES;
				CLANG_WARN_EMPTY_BODY = YES;
				CLANG_WARN_ENUM_CONVERSION = YES;
				CLANG_WARN_INFINITE_RECURSION = YES;
				CLANG_WARN_INT_CONVERSION = YES;
				CLANG_WARN_OBJC_ROOT_CLASS = YES_ERROR;
				CLANG_WARN_SUSPICIOUS_MOVE = YES;
				CLANG_WARN_UNREACHABLE_CODE = YES;
				CLANG_WARN__DUPLICATE_METHOD_MATCH = YES;
				"CODE_SIGN_IDENTITY[sdk=iphoneos*]" = "iPhone Developer";
				COPY_PHASE_STRIP = NO;
				DEBUG_INFORMATION_FORMAT = dwarf;
				ENABLE_STRICT_OBJC_MSGSEND = YES;
				ENABLE_TESTABILITY = YES;
				GCC_C_LANGUAGE_STANDARD = gnu99;
				GCC_DYNAMIC_NO_PIC = NO;
				GCC_NO_COMMON_BLOCKS = YES;
				GCC_OPTIMIZATION_LEVEL = 0;
				GCC_PREPROCESSOR_DEFINITIONS = (
					"DEBUG=1",
					"$(inherited)",
				);
				GCC_WARN_64_TO_32_BIT_CONVERSION = YES;
				GCC_WARN_ABOUT_RETURN_TYPE = YES_ERROR;
				GCC_WARN_UNDECLARED_SELECTOR = YES;
				GCC_WARN_UNINITIALIZED_AUTOS = YES_AGGRESSIVE;
				GCC_WARN_UNUSED_FUNCTION = YES;
				GCC_WARN_UNUSED_VARIABLE = YES;
				IPHONEOS_DEPLOYMENT_TARGET = 10.2;
				MTL_ENABLE_DEBUG_INFO = YES;
				ONLY_ACTIVE_ARCH = YES;
				SDKROOT = iphoneos;
				SWIFT_ACTIVE_COMPILATION_CONDITIONS = DEBUG;
				SWIFT_OPTIMIZATION_LEVEL = "-Onone";
			};
			name = Debug;
		};
		C8365A2E1F508D0C00C67B00 /* Release */ = {
			isa = XCBuildConfiguration;
			buildSettings = {
				ALWAYS_SEARCH_USER_PATHS = NO;
				CLANG_ANALYZER_NONNULL = YES;
				CLANG_CXX_LANGUAGE_STANDARD = "gnu++0x";
				CLANG_CXX_LIBRARY = "libc++";
				CLANG_ENABLE_MODULES = YES;
				CLANG_ENABLE_OBJC_ARC = YES;
				CLANG_WARN_BOOL_CONVERSION = YES;
				CLANG_WARN_CONSTANT_CONVERSION = YES;
				CLANG_WARN_DIRECT_OBJC_ISA_USAGE = YES_ERROR;
				CLANG_WARN_DOCUMENTATION_COMMENTS = YES;
				CLANG_WARN_EMPTY_BODY = YES;
				CLANG_WARN_ENUM_CONVERSION = YES;
				CLANG_WARN_INFINITE_RECURSION = YES;
				CLANG_WARN_INT_CONVERSION = YES;
				CLANG_WARN_OBJC_ROOT_CLASS = YES_ERROR;
				CLANG_WARN_SUSPICIOUS_MOVE = YES;
				CLANG_WARN_UNREACHABLE_CODE = YES;
				CLANG_WARN__DUPLICATE_METHOD_MATCH = YES;
				"CODE_SIGN_IDENTITY[sdk=iphoneos*]" = "iPhone Developer";
				COPY_PHASE_STRIP = NO;
				DEBUG_INFORMATION_FORMAT = "dwarf-with-dsym";
				ENABLE_NS_ASSERTIONS = NO;
				ENABLE_STRICT_OBJC_MSGSEND = YES;
				GCC_C_LANGUAGE_STANDARD = gnu99;
				GCC_NO_COMMON_BLOCKS = YES;
				GCC_WARN_64_TO_32_BIT_CONVERSION = YES;
				GCC_WARN_ABOUT_RETURN_TYPE = YES_ERROR;
				GCC_WARN_UNDECLARED_SELECTOR = YES;
				GCC_WARN_UNINITIALIZED_AUTOS = YES_AGGRESSIVE;
				GCC_WARN_UNUSED_FUNCTION = YES;
				GCC_WARN_UNUSED_VARIABLE = YES;
				IPHONEOS_DEPLOYMENT_TARGET = 10.2;
				MTL_ENABLE_DEBUG_INFO = NO;
				SDKROOT = iphoneos;
				SWIFT_OPTIMIZATION_LEVEL = "-Owholemodule";
				VALIDATE_PRODUCT = YES;
			};
			name = Release;
		};
		C8365A301F508D0C00C67B00 /* Debug */ = {
			isa = XCBuildConfiguration;
			buildSettings = {
				ASSETCATALOG_COMPILER_APPICON_NAME = AppIcon;
				DEVELOPMENT_TEAM = 73AKEVX7TL;
				INFOPLIST_FILE = Foo/Info.plist;
				LD_RUNPATH_SEARCH_PATHS = "$(inherited) @executable_path/Frameworks";
				PRODUCT_BUNDLE_IDENTIFIER = com.SachVaidya.Foo;
				PRODUCT_NAME = "$(TARGET_NAME)";
				SWIFT_VERSION = 3.0;
			};
			name = Debug;
		};
		C8365A311F508D0C00C67B00 /* Release */ = {
			isa = XCBuildConfiguration;
			buildSettings = {
				ASSETCATALOG_COMPILER_APPICON_NAME = AppIcon;
				DEVELOPMENT_TEAM = 73AKEVX7TL;
				INFOPLIST_FILE = Foo/Info.plist;
				LD_RUNPATH_SEARCH_PATHS = "$(inherited) @executable_path/Frameworks";
				PRODUCT_BUNDLE_IDENTIFIER = com.SachVaidya.Foo;
				PRODUCT_NAME = "$(TARGET_NAME)";
				SWIFT_VERSION = 3.0;
			};
			name = Release;
		};
/* End XCBuildConfiguration section */

/* Begin XCConfigurationList section */
		C8365A151F508D0C00C67B00 /* Build configuration list for PBXProject "Foo" */ = {
			isa = XCConfigurationList;
			buildConfigurations = (
				C8365A2D1F508D0C00C67B00 /* Debug */,
				C8365A2E1F508D0C00C67B00 /* Release */,
			);
			defaultConfigurationIsVisible = 0;
			defaultConfigurationName = Release;
		};
		C8365A2F1F508D0C00C67B00 /* Build configuration list for PBXNativeTarget "Foo" */ = {
			isa = XCConfigurationList;
			buildConfigurations = (
				C8365A301F508D0C00C67B00 /* Debug */,
				C8365A311F508D0C00C67B00 /* Release */,
			);
			defaultConfigurationIsVisible = 0;
		};
/* End XCConfigurationList section */

/* Begin XCVersionGroup section */
		C8365A241F508D0C00C67B00 /* Foo.xcdatamodeld */ = {
			isa = XCVersionGroup;
			children = (
				C8365A251F508D0C00C67B00 /* Foo.xcdatamodel */,
			);
			currentVersion = C8365A251F508D0C00C67B00 /* Foo.xcdatamodel */;
			path = Foo.xcdatamodeld;
			sourceTree = "<group>";
			versionGroupType = wrapper.xcdatamodel;
		};
/* End XCVersionGroup section */
	};
	rootObject = C8365A121F508D0C00C67B00 /* Project object */;
}
